
Microsoft Visual Studio Solution File, Format Version 12.00
# Visual Studio Version 16
VisualStudioVersion = 16.0.31729.503
MinimumVisualStudioVersion = 10.0.40219.1
Project("{FAE04EC0-301F-11D3-BF4B-00C04F79EFBC}") = "Teste_1", "Teste_1\Teste_1.csproj", "{C34664CA-06A1-4C0E-9602-DD6B73719220}"
EndProject
Global
	GlobalSection(SolutionConfigurationPlatforms) = preSolution
		Debug|Any CPU = Debug|Any CPU
		Release|Any CPU = Release|Any CPU
	EndGlobalSection
	GlobalSection(ProjectConfigurationPlatforms) = postSolution
		{C34664CA-06A1-4C0E-9602-DD6B73719220}.Debug|Any CPU.ActiveCfg = Debug|Any CPU
		{C34664CA-06A1-4C0E-9602-DD6B73719220}.Debug|Any CPU.Build.0 = Debug|Any CPU
		{C34664CA-06A1-4C0E-9602-DD6B73719220}.Release|Any CPU.ActiveCfg = Release|Any CPU
		{C34664CA-06A1-4C0E-9602-DD6B73719220}.Release|Any CPU.Build.0 = Release|Any CPU
	EndGlobalSection
	GlobalSection(SolutionProperties) = preSolution
		HideSolutionNode = FALSE
	EndGlobalSection
	GlobalSection(ExtensibilityGlobals) = postSolution
		SolutionGuid = {959E2FF3-627B-45D0-9B57-137711F8B4DF}
	EndGlobalSection
EndGlobal
